// !$*UTF8*$!
{
	archiveVersion = 1;
	classes = {
	};
	objectVersion = 51;
	objects = {

/* Begin PBXBuildFile section */
		21C9A4F83AB2BBB3E7D2F403 /* Pods_SilLob7_SilLob7UITests.framework in Frameworks */ = {isa = PBXBuildFile; fileRef = AD5110DC4FDC6ED4CBCB3EC4 /* Pods_SilLob7_SilLob7UITests.framework */; };
		2EB3C0DF212D558649E03DEF /* Pods_SilLob7Tests.framework in Frameworks */ = {isa = PBXBuildFile; fileRef = F8B78D9449BA326C9699AAF4 /* Pods_SilLob7Tests.framework */; };
		8A5860D12393673C0029FD7D /* SecondPageViewController.swift in Sources */ = {isa = PBXBuildFile; fileRef = 8A5860D02393673C0029FD7D /* SecondPageViewController.swift */; };
		8A5860D3239368050029FD7D /* ThirdPageViewController.swift in Sources */ = {isa = PBXBuildFile; fileRef = 8A5860D2239368050029FD7D /* ThirdPageViewController.swift */; };
		8A5860D5239369420029FD7D /* OtherLoginViewController.swift in Sources */ = {isa = PBXBuildFile; fileRef = 8A5860D4239369420029FD7D /* OtherLoginViewController.swift */; };
		8A5860D7239378180029FD7D /* tempViewController.swift in Sources */ = {isa = PBXBuildFile; fileRef = 8A5860D6239378180029FD7D /* tempViewController.swift */; };
		8A5860F22393796C0029FD7D /* Alamofire.framework in Frameworks */ = {isa = PBXBuildFile; fileRef = 8A5860E5239379540029FD7D /* Alamofire.framework */; };
		8A6041E9238F61AB001A660E /* AppDelegate.swift in Sources */ = {isa = PBXBuildFile; fileRef = 8A6041E8238F61AB001A660E /* AppDelegate.swift */; };
		8A6041EB238F61AB001A660E /* SceneDelegate.swift in Sources */ = {isa = PBXBuildFile; fileRef = 8A6041EA238F61AB001A660E /* SceneDelegate.swift */; };
		8A6041ED238F61AB001A660E /* ViewController.swift in Sources */ = {isa = PBXBuildFile; fileRef = 8A6041EC238F61AB001A660E /* ViewController.swift */; };
		8A6041F0238F61AB001A660E /* Main.storyboard in Resources */ = {isa = PBXBuildFile; fileRef = 8A6041EE238F61AB001A660E /* Main.storyboard */; };
		8A6041F2238F61AC001A660E /* Assets.xcassets in Resources */ = {isa = PBXBuildFile; fileRef = 8A6041F1238F61AC001A660E /* Assets.xcassets */; };
		8A6041F5238F61AC001A660E /* LaunchScreen.storyboard in Resources */ = {isa = PBXBuildFile; fileRef = 8A6041F3238F61AC001A660E /* LaunchScreen.storyboard */; };
		8A604200238F61AD001A660E /* SilLob7Tests.swift in Sources */ = {isa = PBXBuildFile; fileRef = 8A6041FF238F61AD001A660E /* SilLob7Tests.swift */; };
		8A60420B238F61AD001A660E /* SilLob7UITests.swift in Sources */ = {isa = PBXBuildFile; fileRef = 8A60420A238F61AD001A660E /* SilLob7UITests.swift */; };
		8ABDCF162394C2A6005818D3 /* DisplayScoreViewController.swift in Sources */ = {isa = PBXBuildFile; fileRef = 8ABDCF152394C2A6005818D3 /* DisplayScoreViewController.swift */; };
/* End PBXBuildFile section */

/* Begin PBXContainerItemProxy section */
		8A5860E4239379540029FD7D /* PBXContainerItemProxy */ = {
			isa = PBXContainerItemProxy;
			containerPortal = 8A5860DA239379540029FD7D /* Alamofire.xcodeproj */;
			proxyType = 2;
			remoteGlobalIDString = F8111E3319A95C8B0040E7D1;
			remoteInfo = "Alamofire iOS";
		};
		8A5860E6239379540029FD7D /* PBXContainerItemProxy */ = {
			isa = PBXContainerItemProxy;
			containerPortal = 8A5860DA239379540029FD7D /* Alamofire.xcodeproj */;
			proxyType = 2;
			remoteGlobalIDString = F8111E3E19A95C8B0040E7D1;
			remoteInfo = "Alamofire iOS Tests";
		};
		8A5860E8239379540029FD7D /* PBXContainerItemProxy */ = {
			isa = PBXContainerItemProxy;
			containerPortal = 8A5860DA239379540029FD7D /* Alamofire.xcodeproj */;
			proxyType = 2;
			remoteGlobalIDString = 4DD67C0B1A5C55C900ED2280;
			remoteInfo = "Alamofire macOS";
		};
		8A5860EA239379540029FD7D /* PBXContainerItemProxy */ = {
			isa = PBXContainerItemProxy;
			containerPortal = 8A5860DA239379540029FD7D /* Alamofire.xcodeproj */;
			proxyType = 2;
			remoteGlobalIDString = F829C6B21A7A94F100A2CD59;
			remoteInfo = "Alamofire macOS Tests";
		};
		8A5860EC239379540029FD7D /* PBXContainerItemProxy */ = {
			isa = PBXContainerItemProxy;
			containerPortal = 8A5860DA239379540029FD7D /* Alamofire.xcodeproj */;
			proxyType = 2;
			remoteGlobalIDString = 4CF626EF1BA7CB3E0011A099;
			remoteInfo = "Alamofire tvOS";
		};
		8A5860EE239379540029FD7D /* PBXContainerItemProxy */ = {
			isa = PBXContainerItemProxy;
			containerPortal = 8A5860DA239379540029FD7D /* Alamofire.xcodeproj */;
			proxyType = 2;
			remoteGlobalIDString = 4CF626F81BA7CB3E0011A099;
			remoteInfo = "Alamofire tvOS Tests";
		};
		8A5860F0239379540029FD7D /* PBXContainerItemProxy */ = {
			isa = PBXContainerItemProxy;
			containerPortal = 8A5860DA239379540029FD7D /* Alamofire.xcodeproj */;
			proxyType = 2;
			remoteGlobalIDString = E4202FE01B667AA100C997FB;
			remoteInfo = "Alamofire watchOS";
		};
		8A6041FC238F61AD001A660E /* PBXContainerItemProxy */ = {
			isa = PBXContainerItemProxy;
			containerPortal = 8A6041DD238F61AB001A660E /* Project object */;
			proxyType = 1;
			remoteGlobalIDString = 8A6041E4238F61AB001A660E;
			remoteInfo = SilLob7;
		};
		8A604207238F61AD001A660E /* PBXContainerItemProxy */ = {
			isa = PBXContainerItemProxy;
			containerPortal = 8A6041DD238F61AB001A660E /* Project object */;
			proxyType = 1;
			remoteGlobalIDString = 8A6041E4238F61AB001A660E;
			remoteInfo = SilLob7;
		};
/* End PBXContainerItemProxy section */

/* Begin PBXFileReference section */
		1F8D2C2E2E843FB738AF6C99 /* Pods-SilLob7.debug.xcconfig */ = {isa = PBXFileReference; includeInIndex = 1; lastKnownFileType = text.xcconfig; name = "Pods-SilLob7.debug.xcconfig"; path = "Target Support Files/Pods-SilLob7/Pods-SilLob7.debug.xcconfig"; sourceTree = "<group>"; };
		3C57BDBBB2FCDACF1E2D270F /* Pods-SilLob7Tests.release.xcconfig */ = {isa = PBXFileReference; includeInIndex = 1; lastKnownFileType = text.xcconfig; name = "Pods-SilLob7Tests.release.xcconfig"; path = "Target Support Files/Pods-SilLob7Tests/Pods-SilLob7Tests.release.xcconfig"; sourceTree = "<group>"; };
		547E2638D3A4CB69A613C87A /* Pods-SilLob7-SilLob7UITests.release.xcconfig */ = {isa = PBXFileReference; includeInIndex = 1; lastKnownFileType = text.xcconfig; name = "Pods-SilLob7-SilLob7UITests.release.xcconfig"; path = "Target Support Files/Pods-SilLob7-SilLob7UITests/Pods-SilLob7-SilLob7UITests.release.xcconfig"; sourceTree = "<group>"; };
		569DC09E429D73FB8DC8C7F8 /* Pods-SilLob7-SilLob7UITests.debug.xcconfig */ = {isa = PBXFileReference; includeInIndex = 1; lastKnownFileType = text.xcconfig; name = "Pods-SilLob7-SilLob7UITests.debug.xcconfig"; path = "Target Support Files/Pods-SilLob7-SilLob7UITests/Pods-SilLob7-SilLob7UITests.debug.xcconfig"; sourceTree = "<group>"; };
		751CAEB1CD425AB8389C33AB /* Pods-SilLob7.release.xcconfig */ = {isa = PBXFileReference; includeInIndex = 1; lastKnownFileType = text.xcconfig; name = "Pods-SilLob7.release.xcconfig"; path = "Target Support Files/Pods-SilLob7/Pods-SilLob7.release.xcconfig"; sourceTree = "<group>"; };
		8A5860D02393673C0029FD7D /* SecondPageViewController.swift */ = {isa = PBXFileReference; lastKnownFileType = sourcecode.swift; path = SecondPageViewController.swift; sourceTree = "<group>"; };
		8A5860D2239368050029FD7D /* ThirdPageViewController.swift */ = {isa = PBXFileReference; lastKnownFileType = sourcecode.swift; path = ThirdPageViewController.swift; sourceTree = "<group>"; };
		8A5860D4239369420029FD7D /* OtherLoginViewController.swift */ = {isa = PBXFileReference; lastKnownFileType = sourcecode.swift; path = OtherLoginViewController.swift; sourceTree = "<group>"; };
		8A5860D6239378180029FD7D /* tempViewController.swift */ = {isa = PBXFileReference; lastKnownFileType = sourcecode.swift; path = tempViewController.swift; sourceTree = "<group>"; };
		8A5860D8239379460029FD7D /* SilLob7 */ = {isa = PBXFileReference; lastKnownFileType = folder; path = SilLob7; sourceTree = "<group>"; };
		8A5860DA239379540029FD7D /* Alamofire.xcodeproj */ = {isa = PBXFileReference; lastKnownFileType = "wrapper.pb-project"; name = Alamofire.xcodeproj; path = "SilLob7/Alamofire-master/Alamofire.xcodeproj"; sourceTree = "<group>"; };
		8A6041E5238F61AB001A660E /* SilLob7.app */ = {isa = PBXFileReference; explicitFileType = wrapper.application; includeInIndex = 0; path = SilLob7.app; sourceTree = BUILT_PRODUCTS_DIR; };
		8A6041E8238F61AB001A660E /* AppDelegate.swift */ = {isa = PBXFileReference; lastKnownFileType = sourcecode.swift; path = AppDelegate.swift; sourceTree = "<group>"; };
		8A6041EA238F61AB001A660E /* SceneDelegate.swift */ = {isa = PBXFileReference; lastKnownFileType = sourcecode.swift; path = SceneDelegate.swift; sourceTree = "<group>"; };
		8A6041EC238F61AB001A660E /* ViewController.swift */ = {isa = PBXFileReference; lastKnownFileType = sourcecode.swift; path = ViewController.swift; sourceTree = "<group>"; };
		8A6041EF238F61AB001A660E /* Base */ = {isa = PBXFileReference; lastKnownFileType = file.storyboard; name = Base; path = Base.lproj/Main.storyboard; sourceTree = "<group>"; };
		8A6041F1238F61AC001A660E /* Assets.xcassets */ = {isa = PBXFileReference; lastKnownFileType = folder.assetcatalog; path = Assets.xcassets; sourceTree = "<group>"; };
		8A6041F4238F61AC001A660E /* Base */ = {isa = PBXFileReference; lastKnownFileType = file.storyboard; name = Base; path = Base.lproj/LaunchScreen.storyboard; sourceTree = "<group>"; };
		8A6041F6238F61AC001A660E /* Info.plist */ = {isa = PBXFileReference; lastKnownFileType = text.plist.xml; path = Info.plist; sourceTree = "<group>"; };
		8A6041FB238F61AD001A660E /* SilLob7Tests.xctest */ = {isa = PBXFileReference; explicitFileType = wrapper.cfbundle; includeInIndex = 0; path = SilLob7Tests.xctest; sourceTree = BUILT_PRODUCTS_DIR; };
		8A6041FF238F61AD001A660E /* SilLob7Tests.swift */ = {isa = PBXFileReference; lastKnownFileType = sourcecode.swift; path = SilLob7Tests.swift; sourceTree = "<group>"; };
		8A604201238F61AD001A660E /* Info.plist */ = {isa = PBXFileReference; lastKnownFileType = text.plist.xml; path = Info.plist; sourceTree = "<group>"; };
		8A604206238F61AD001A660E /* SilLob7UITests.xctest */ = {isa = PBXFileReference; explicitFileType = wrapper.cfbundle; includeInIndex = 0; path = SilLob7UITests.xctest; sourceTree = BUILT_PRODUCTS_DIR; };
		8A60420A238F61AD001A660E /* SilLob7UITests.swift */ = {isa = PBXFileReference; lastKnownFileType = sourcecode.swift; path = SilLob7UITests.swift; sourceTree = "<group>"; };
		8A60420C238F61AD001A660E /* Info.plist */ = {isa = PBXFileReference; lastKnownFileType = text.plist.xml; path = Info.plist; sourceTree = "<group>"; };
		8ABDCF152394C2A6005818D3 /* DisplayScoreViewController.swift */ = {isa = PBXFileReference; lastKnownFileType = sourcecode.swift; path = DisplayScoreViewController.swift; sourceTree = "<group>"; };
		A9C8879FDFD5D4CF9BDA45A4 /* Pods_SilLob7.framework */ = {isa = PBXFileReference; explicitFileType = wrapper.framework; includeInIndex = 0; path = Pods_SilLob7.framework; sourceTree = BUILT_PRODUCTS_DIR; };
		AD5110DC4FDC6ED4CBCB3EC4 /* Pods_SilLob7_SilLob7UITests.framework */ = {isa = PBXFileReference; explicitFileType = wrapper.framework; includeInIndex = 0; path = Pods_SilLob7_SilLob7UITests.framework; sourceTree = BUILT_PRODUCTS_DIR; };
		D10B1FD43306422B09BFE2E9 /* Pods-SilLob7Tests.debug.xcconfig */ = {isa = PBXFileReference; includeInIndex = 1; lastKnownFileType = text.xcconfig; name = "Pods-SilLob7Tests.debug.xcconfig"; path = "Target Support Files/Pods-SilLob7Tests/Pods-SilLob7Tests.debug.xcconfig"; sourceTree = "<group>"; };
		F8B78D9449BA326C9699AAF4 /* Pods_SilLob7Tests.framework */ = {isa = PBXFileReference; explicitFileType = wrapper.framework; includeInIndex = 0; path = Pods_SilLob7Tests.framework; sourceTree = BUILT_PRODUCTS_DIR; };
/* End PBXFileReference section */

/* Begin PBXFrameworksBuildPhase section */
		8A6041E2238F61AB001A660E /* Frameworks */ = {
			isa = PBXFrameworksBuildPhase;
			buildActionMask = 2147483647;
			files = (
				8A5860F22393796C0029FD7D /* Alamofire.framework in Frameworks */,
			);
			runOnlyForDeploymentPostprocessing = 0;
		};
		8A6041F8238F61AD001A660E /* Frameworks */ = {
			isa = PBXFrameworksBuildPhase;
			buildActionMask = 2147483647;
			files = (
				2EB3C0DF212D558649E03DEF /* Pods_SilLob7Tests.framework in Frameworks */,
			);
			runOnlyForDeploymentPostprocessing = 0;
		};
		8A604203238F61AD001A660E /* Frameworks */ = {
			isa = PBXFrameworksBuildPhase;
			buildActionMask = 2147483647;
			files = (
				21C9A4F83AB2BBB3E7D2F403 /* Pods_SilLob7_SilLob7UITests.framework in Frameworks */,
			);
			runOnlyForDeploymentPostprocessing = 0;
		};
/* End PBXFrameworksBuildPhase section */

/* Begin PBXGroup section */
		3DE22D641D504B1C6FF3033D /* Frameworks */ = {
			isa = PBXGroup;
			children = (
				A9C8879FDFD5D4CF9BDA45A4 /* Pods_SilLob7.framework */,
				AD5110DC4FDC6ED4CBCB3EC4 /* Pods_SilLob7_SilLob7UITests.framework */,
				F8B78D9449BA326C9699AAF4 /* Pods_SilLob7Tests.framework */,
			);
			name = Frameworks;
			sourceTree = "<group>";
		};
		7F62F36219C8C16DA7B686C3 /* Pods */ = {
			isa = PBXGroup;
			children = (
				1F8D2C2E2E843FB738AF6C99 /* Pods-SilLob7.debug.xcconfig */,
				751CAEB1CD425AB8389C33AB /* Pods-SilLob7.release.xcconfig */,
				569DC09E429D73FB8DC8C7F8 /* Pods-SilLob7-SilLob7UITests.debug.xcconfig */,
				547E2638D3A4CB69A613C87A /* Pods-SilLob7-SilLob7UITests.release.xcconfig */,
				D10B1FD43306422B09BFE2E9 /* Pods-SilLob7Tests.debug.xcconfig */,
				3C57BDBBB2FCDACF1E2D270F /* Pods-SilLob7Tests.release.xcconfig */,
			);
			path = Pods;
			sourceTree = "<group>";
		};
		8A5860DB239379540029FD7D /* Products */ = {
			isa = PBXGroup;
			children = (
				8A5860E5239379540029FD7D /* Alamofire.framework */,
				8A5860E7239379540029FD7D /* Alamofire iOS Tests.xctest */,
				8A5860E9239379540029FD7D /* Alamofire.framework */,
				8A5860EB239379540029FD7D /* Alamofire macOS Tests.xctest */,
				8A5860ED239379540029FD7D /* Alamofire.framework */,
				8A5860EF239379540029FD7D /* Alamofire tvOS Tests.xctest */,
				8A5860F1239379540029FD7D /* Alamofire.framework */,
			);
			name = Products;
			sourceTree = "<group>";
		};
		8A6041DC238F61AB001A660E = {
			isa = PBXGroup;
			children = (
				8A5860DA239379540029FD7D /* Alamofire.xcodeproj */,
				8A6041E7238F61AB001A660E /* SilLob7 */,
				8A5860D8239379460029FD7D /* SilLob7 */,
				8A6041FE238F61AD001A660E /* SilLob7Tests */,
				8A604209238F61AD001A660E /* SilLob7UITests */,
				8A6041E6238F61AB001A660E /* Products */,
				7F62F36219C8C16DA7B686C3 /* Pods */,
				3DE22D641D504B1C6FF3033D /* Frameworks */,
			);
			sourceTree = "<group>";
		};
		8A6041E6238F61AB001A660E /* Products */ = {
			isa = PBXGroup;
			children = (
				8A6041E5238F61AB001A660E /* SilLob7.app */,
				8A6041FB238F61AD001A660E /* SilLob7Tests.xctest */,
				8A604206238F61AD001A660E /* SilLob7UITests.xctest */,
			);
			name = Products;
			sourceTree = "<group>";
		};
		8A6041E7238F61AB001A660E /* SilLob7 */ = {
			isa = PBXGroup;
			children = (
				8A6041E8238F61AB001A660E /* AppDelegate.swift */,
				8A6041EA238F61AB001A660E /* SceneDelegate.swift */,
				8A6041EC238F61AB001A660E /* ViewController.swift */,
				8A6041EE238F61AB001A660E /* Main.storyboard */,
				8A6041F1238F61AC001A660E /* Assets.xcassets */,
				8A6041F3238F61AC001A660E /* LaunchScreen.storyboard */,
				8A6041F6238F61AC001A660E /* Info.plist */,
				8A5860D02393673C0029FD7D /* SecondPageViewController.swift */,
				8A5860D2239368050029FD7D /* ThirdPageViewController.swift */,
				8A5860D4239369420029FD7D /* OtherLoginViewController.swift */,
				8A5860D6239378180029FD7D /* tempViewController.swift */,
				8ABDCF152394C2A6005818D3 /* DisplayScoreViewController.swift */,
			);
			path = SilLob7;
			sourceTree = "<group>";
		};
		8A6041FE238F61AD001A660E /* SilLob7Tests */ = {
			isa = PBXGroup;
			children = (
				8A6041FF238F61AD001A660E /* SilLob7Tests.swift */,
				8A604201238F61AD001A660E /* Info.plist */,
			);
			path = SilLob7Tests;
			sourceTree = "<group>";
		};
		8A604209238F61AD001A660E /* SilLob7UITests */ = {
			isa = PBXGroup;
			children = (
				8A60420A238F61AD001A660E /* SilLob7UITests.swift */,
				8A60420C238F61AD001A660E /* Info.plist */,
			);
			path = SilLob7UITests;
			sourceTree = "<group>";
		};
/* End PBXGroup section */

/* Begin PBXNativeTarget section */
		8A6041E4238F61AB001A660E /* SilLob7 */ = {
			isa = PBXNativeTarget;
			buildConfigurationList = 8A60420F238F61AD001A660E /* Build configuration list for PBXNativeTarget "SilLob7" */;
			buildPhases = (
				96B3E6D9AA56AD4C2958D86C /* [CP] Check Pods Manifest.lock */,
				8A6041E1238F61AB001A660E /* Sources */,
				8A6041E2238F61AB001A660E /* Frameworks */,
				8A6041E3238F61AB001A660E /* Resources */,
				4CA075A1D70E330B71ADEC25 /* [CP] Embed Pods Frameworks */,
			);
			buildRules = (
			);
			dependencies = (
			);
			name = SilLob7;
			productName = SilLob7;
			productReference = 8A6041E5238F61AB001A660E /* SilLob7.app */;
			productType = "com.apple.product-type.application";
		};
		8A6041FA238F61AD001A660E /* SilLob7Tests */ = {
			isa = PBXNativeTarget;
			buildConfigurationList = 8A604212238F61AD001A660E /* Build configuration list for PBXNativeTarget "SilLob7Tests" */;
			buildPhases = (
				4793489CCBD1F9D22A3260BF /* [CP] Check Pods Manifest.lock */,
				8A6041F7238F61AD001A660E /* Sources */,
				8A6041F8238F61AD001A660E /* Frameworks */,
				8A6041F9238F61AD001A660E /* Resources */,
			);
			buildRules = (
			);
			dependencies = (
				8A6041FD238F61AD001A660E /* PBXTargetDependency */,
			);
			name = SilLob7Tests;
			productName = SilLob7Tests;
			productReference = 8A6041FB238F61AD001A660E /* SilLob7Tests.xctest */;
			productType = "com.apple.product-type.bundle.unit-test";
		};
		8A604205238F61AD001A660E /* SilLob7UITests */ = {
			isa = PBXNativeTarget;
			buildConfigurationList = 8A604215238F61AD001A660E /* Build configuration list for PBXNativeTarget "SilLob7UITests" */;
			buildPhases = (
				CE6AB433EAD4C3D60A007BC4 /* [CP] Check Pods Manifest.lock */,
				8A604202238F61AD001A660E /* Sources */,
				8A604203238F61AD001A660E /* Frameworks */,
				8A604204238F61AD001A660E /* Resources */,
				1181F204B2BF1BC4F4B7F7C7 /* [CP] Embed Pods Frameworks */,
			);
			buildRules = (
			);
			dependencies = (
				8A604208238F61AD001A660E /* PBXTargetDependency */,
			);
			name = SilLob7UITests;
			productName = SilLob7UITests;
			productReference = 8A604206238F61AD001A660E /* SilLob7UITests.xctest */;
			productType = "com.apple.product-type.bundle.ui-testing";
		};
/* End PBXNativeTarget section */

/* Begin PBXProject section */
		8A6041DD238F61AB001A660E /* Project object */ = {
			isa = PBXProject;
			attributes = {
				LastSwiftUpdateCheck = 1120;
				LastUpgradeCheck = 1120;
				ORGANIZATIONNAME = "Kefan Zhang";
				TargetAttributes = {
					8A6041E4238F61AB001A660E = {
						CreatedOnToolsVersion = 11.2;
					};
					8A6041FA238F61AD001A660E = {
						CreatedOnToolsVersion = 11.2;
						TestTargetID = 8A6041E4238F61AB001A660E;
					};
					8A604205238F61AD001A660E = {
						CreatedOnToolsVersion = 11.2;
						TestTargetID = 8A6041E4238F61AB001A660E;
					};
				};
			};
			buildConfigurationList = 8A6041E0238F61AB001A660E /* Build configuration list for PBXProject "SilLob7" */;
			compatibilityVersion = "Xcode 9.3";
			developmentRegion = en;
			hasScannedForEncodings = 0;
			knownRegions = (
				en,
				Base,
			);
			mainGroup = 8A6041DC238F61AB001A660E;
			productRefGroup = 8A6041E6238F61AB001A660E /* Products */;
			projectDirPath = "";
			projectReferences = (
				{
					ProductGroup = 8A5860DB239379540029FD7D /* Products */;
					ProjectRef = 8A5860DA239379540029FD7D /* Alamofire.xcodeproj */;
				},
			);
			projectRoot = "";
			targets = (
				8A6041E4238F61AB001A660E /* SilLob7 */,
				8A6041FA238F61AD001A660E /* SilLob7Tests */,
				8A604205238F61AD001A660E /* SilLob7UITests */,
			);
		};
/* End PBXProject section */

/* Begin PBXReferenceProxy section */
		8A5860E5239379540029FD7D /* Alamofire.framework */ = {
			isa = PBXReferenceProxy;
			fileType = wrapper.framework;
			path = Alamofire.framework;
			remoteRef = 8A5860E4239379540029FD7D /* PBXContainerItemProxy */;
			sourceTree = BUILT_PRODUCTS_DIR;
		};
		8A5860E7239379540029FD7D /* Alamofire iOS Tests.xctest */ = {
			isa = PBXReferenceProxy;
			fileType = wrapper.cfbundle;
			path = "Alamofire iOS Tests.xctest";
			remoteRef = 8A5860E6239379540029FD7D /* PBXContainerItemProxy */;
			sourceTree = BUILT_PRODUCTS_DIR;
		};
		8A5860E9239379540029FD7D /* Alamofire.framework */ = {
			isa = PBXReferenceProxy;
			fileType = wrapper.framework;
			path = Alamofire.framework;
			remoteRef = 8A5860E8239379540029FD7D /* PBXContainerItemProxy */;
			sourceTree = BUILT_PRODUCTS_DIR;
		};
		8A5860EB239379540029FD7D /* Alamofire macOS Tests.xctest */ = {
			isa = PBXReferenceProxy;
			fileType = wrapper.cfbundle;
			path = "Alamofire macOS Tests.xctest";
			remoteRef = 8A5860EA239379540029FD7D /* PBXContainerItemProxy */;
			sourceTree = BUILT_PRODUCTS_DIR;
		};
		8A5860ED239379540029FD7D /* Alamofire.framework */ = {
			isa = PBXReferenceProxy;
			fileType = wrapper.framework;
			path = Alamofire.framework;
			remoteRef = 8A5860EC239379540029FD7D /* PBXContainerItemProxy */;
			sourceTree = BUILT_PRODUCTS_DIR;
		};
		8A5860EF239379540029FD7D /* Alamofire tvOS Tests.xctest */ = {
			isa = PBXReferenceProxy;
			fileType = wrapper.cfbundle;
			path = "Alamofire tvOS Tests.xctest";
			remoteRef = 8A5860EE239379540029FD7D /* PBXContainerItemProxy */;
			sourceTree = BUILT_PRODUCTS_DIR;
		};
		8A5860F1239379540029FD7D /* Alamofire.framework */ = {
			isa = PBXReferenceProxy;
			fileType = wrapper.framework;
			path = Alamofire.framework;
			remoteRef = 8A5860F0239379540029FD7D /* PBXContainerItemProxy */;
			sourceTree = BUILT_PRODUCTS_DIR;
		};
/* End PBXReferenceProxy section */

/* Begin PBXResourcesBuildPhase section */
		8A6041E3238F61AB001A660E /* Resources */ = {
			isa = PBXResourcesBuildPhase;
			buildActionMask = 2147483647;
			files = (
				8A6041F5238F61AC001A660E /* LaunchScreen.storyboard in Resources */,
				8A6041F2238F61AC001A660E /* Assets.xcassets in Resources */,
				8A6041F0238F61AB001A660E /* Main.storyboard in Resources */,
			);
			runOnlyForDeploymentPostprocessing = 0;
		};
		8A6041F9238F61AD001A660E /* Resources */ = {
			isa = PBXResourcesBuildPhase;
			buildActionMask = 2147483647;
			files = (
			);
			runOnlyForDeploymentPostprocessing = 0;
		};
		8A604204238F61AD001A660E /* Resources */ = {
			isa = PBXResourcesBuildPhase;
			buildActionMask = 2147483647;
			files = (
			);
			runOnlyForDeploymentPostprocessing = 0;
		};
/* End PBXResourcesBuildPhase section */

/* Begin PBXShellScriptBuildPhase section */
		1181F204B2BF1BC4F4B7F7C7 /* [CP] Embed Pods Frameworks */ = {
			isa = PBXShellScriptBuildPhase;
			buildActionMask = 2147483647;
			files = (
			);
			inputFileListPaths = (
				"${PODS_ROOT}/Target Support Files/Pods-SilLob7-SilLob7UITests/Pods-SilLob7-SilLob7UITests-frameworks-${CONFIGURATION}-input-files.xcfilelist",
			);
			name = "[CP] Embed Pods Frameworks";
			outputFileListPaths = (
				"${PODS_ROOT}/Target Support Files/Pods-SilLob7-SilLob7UITests/Pods-SilLob7-SilLob7UITests-frameworks-${CONFIGURATION}-output-files.xcfilelist",
			);
			runOnlyForDeploymentPostprocessing = 0;
			shellPath = /bin/sh;
			shellScript = "\"${PODS_ROOT}/Target Support Files/Pods-SilLob7-SilLob7UITests/Pods-SilLob7-SilLob7UITests-frameworks.sh\"\n";
			showEnvVarsInLog = 0;
		};
		4793489CCBD1F9D22A3260BF /* [CP] Check Pods Manifest.lock */ = {
			isa = PBXShellScriptBuildPhase;
			buildActionMask = 2147483647;
			files = (
			);
			inputFileListPaths = (
			);
			inputPaths = (
				"${PODS_PODFILE_DIR_PATH}/Podfile.lock",
				"${PODS_ROOT}/Manifest.lock",
			);
			name = "[CP] Check Pods Manifest.lock";
			outputFileListPaths = (
			);
			outputPaths = (
				"$(DERIVED_FILE_DIR)/Pods-SilLob7Tests-checkManifestLockResult.txt",
			);
			runOnlyForDeploymentPostprocessing = 0;
			shellPath = /bin/sh;
			shellScript = "diff \"${PODS_PODFILE_DIR_PATH}/Podfile.lock\" \"${PODS_ROOT}/Manifest.lock\" > /dev/null\nif [ $? != 0 ] ; then\n    # print error to STDERR\n    echo \"error: The sandbox is not in sync with the Podfile.lock. Run 'pod install' or update your CocoaPods installation.\" >&2\n    exit 1\nfi\n# This output is used by Xcode 'outputs' to avoid re-running this script phase.\necho \"SUCCESS\" > \"${SCRIPT_OUTPUT_FILE_0}\"\n";
			showEnvVarsInLog = 0;
		};
		4CA075A1D70E330B71ADEC25 /* [CP] Embed Pods Frameworks */ = {
			isa = PBXShellScriptBuildPhase;
			buildActionMask = 2147483647;
			files = (
			);
			inputFileListPaths = (
				"${PODS_ROOT}/Target Support Files/Pods-SilLob7/Pods-SilLob7-frameworks-${CONFIGURATION}-input-files.xcfilelist",
			);
			name = "[CP] Embed Pods Frameworks";
			outputFileListPaths = (
				"${PODS_ROOT}/Target Support Files/Pods-SilLob7/Pods-SilLob7-frameworks-${CONFIGURATION}-output-files.xcfilelist",
			);
			runOnlyForDeploymentPostprocessing = 0;
			shellPath = /bin/sh;
			shellScript = "\"${PODS_ROOT}/Target Support Files/Pods-SilLob7/Pods-SilLob7-frameworks.sh\"\n";
			showEnvVarsInLog = 0;
		};
		96B3E6D9AA56AD4C2958D86C /* [CP] Check Pods Manifest.lock */ = {
			isa = PBXShellScriptBuildPhase;
			buildActionMask = 2147483647;
			files = (
			);
			inputFileListPaths = (
			);
			inputPaths = (
				"${PODS_PODFILE_DIR_PATH}/Podfile.lock",
				"${PODS_ROOT}/Manifest.lock",
			);
			name = "[CP] Check Pods Manifest.lock";
			outputFileListPaths = (
			);
			outputPaths = (
				"$(DERIVED_FILE_DIR)/Pods-SilLob7-checkManifestLockResult.txt",
			);
			runOnlyForDeploymentPostprocessing = 0;
			shellPath = /bin/sh;
			shellScript = "diff \"${PODS_PODFILE_DIR_PATH}/Podfile.lock\" \"${PODS_ROOT}/Manifest.lock\" > /dev/null\nif [ $? != 0 ] ; then\n    # print error to STDERR\n    echo \"error: The sandbox is not in sync with the Podfile.lock. Run 'pod install' or update your CocoaPods installation.\" >&2\n    exit 1\nfi\n# This output is used by Xcode 'outputs' to avoid re-running this script phase.\necho \"SUCCESS\" > \"${SCRIPT_OUTPUT_FILE_0}\"\n";
			showEnvVarsInLog = 0;
		};
		CE6AB433EAD4C3D60A007BC4 /* [CP] Check Pods Manifest.lock */ = {
			isa = PBXShellScriptBuildPhase;
			buildActionMask = 2147483647;
			files = (
			);
			inputFileListPaths = (
			);
			inputPaths = (
				"${PODS_PODFILE_DIR_PATH}/Podfile.lock",
				"${PODS_ROOT}/Manifest.lock",
			);
			name = "[CP] Check Pods Manifest.lock";
			outputFileListPaths = (
			);
			outputPaths = (
				"$(DERIVED_FILE_DIR)/Pods-SilLob7-SilLob7UITests-checkManifestLockResult.txt",
			);
			runOnlyForDeploymentPostprocessing = 0;
			shellPath = /bin/sh;
			shellScript = "diff \"${PODS_PODFILE_DIR_PATH}/Podfile.lock\" \"${PODS_ROOT}/Manifest.lock\" > /dev/null\nif [ $? != 0 ] ; then\n    # print error to STDERR\n    echo \"error: The sandbox is not in sync with the Podfile.lock. Run 'pod install' or update your CocoaPods installation.\" >&2\n    exit 1\nfi\n# This output is used by Xcode 'outputs' to avoid re-running this script phase.\necho \"SUCCESS\" > \"${SCRIPT_OUTPUT_FILE_0}\"\n";
			showEnvVarsInLog = 0;
		};
/* End PBXShellScriptBuildPhase section */

/* Begin PBXSourcesBuildPhase section */
		8A6041E1238F61AB001A660E /* Sources */ = {
			isa = PBXSourcesBuildPhase;
			buildActionMask = 2147483647;
			files = (
				8ABDCF162394C2A6005818D3 /* DisplayScoreViewController.swift in Sources */,
				8A6041ED238F61AB001A660E /* ViewController.swift in Sources */,
				8A5860D12393673C0029FD7D /* SecondPageViewController.swift in Sources */,
				8A5860D7239378180029FD7D /* tempViewController.swift in Sources */,
				8A6041E9238F61AB001A660E /* AppDelegate.swift in Sources */,
				8A5860D5239369420029FD7D /* OtherLoginViewController.swift in Sources */,
				8A6041EB238F61AB001A660E /* SceneDelegate.swift in Sources */,
				8A5860D3239368050029FD7D /* ThirdPageViewController.swift in Sources */,
			);
			runOnlyForDeploymentPostprocessing = 0;
		};
		8A6041F7238F61AD001A660E /* Sources */ = {
			isa = PBXSourcesBuildPhase;
			buildActionMask = 2147483647;
			files = (
				8A604200238F61AD001A660E /* SilLob7Tests.swift in Sources */,
			);
			runOnlyForDeploymentPostprocessing = 0;
		};
		8A604202238F61AD001A660E /* Sources */ = {
			isa = PBXSourcesBuildPhase;
			buildActionMask = 2147483647;
			files = (
				8A60420B238F61AD001A660E /* SilLob7UITests.swift in Sources */,
			);
			runOnlyForDeploymentPostprocessing = 0;
		};
/* End PBXSourcesBuildPhase section */

/* Begin PBXTargetDependency section */
		8A6041FD238F61AD001A660E /* PBXTargetDependency */ = {
			isa = PBXTargetDependency;
			target = 8A6041E4238F61AB001A660E /* SilLob7 */;
			targetProxy = 8A6041FC238F61AD001A660E /* PBXContainerItemProxy */;
		};
		8A604208238F61AD001A660E /* PBXTargetDependency */ = {
			isa = PBXTargetDependency;
			target = 8A6041E4238F61AB001A660E /* SilLob7 */;
			targetProxy = 8A604207238F61AD001A660E /* PBXContainerItemProxy */;
		};
/* End PBXTargetDependency section */

/* Begin PBXVariantGroup section */
		8A6041EE238F61AB001A660E /* Main.storyboard */ = {
			isa = PBXVariantGroup;
			children = (
				8A6041EF238F61AB001A660E /* Base */,
			);
			name = Main.storyboard;
			sourceTree = "<group>";
		};
		8A6041F3238F61AC001A660E /* LaunchScreen.storyboard */ = {
			isa = PBXVariantGroup;
			children = (
				8A6041F4238F61AC001A660E /* Base */,
			);
			name = LaunchScreen.storyboard;
			sourceTree = "<group>";
		};
/* End PBXVariantGroup section */

/* Begin XCBuildConfiguration section */
		8A60420D238F61AD001A660E /* Debug */ = {
			isa = XCBuildConfiguration;
			buildSettings = {
				ALWAYS_SEARCH_USER_PATHS = NO;
				CLANG_ANALYZER_NONNULL = YES;
				CLANG_ANALYZER_NUMBER_OBJECT_CONVERSION = YES_AGGRESSIVE;
				CLANG_CXX_LANGUAGE_STANDARD = "gnu++14";
				CLANG_CXX_LIBRARY = "libc++";
				CLANG_ENABLE_MODULES = YES;
				CLANG_ENABLE_OBJC_ARC = YES;
				CLANG_ENABLE_OBJC_WEAK = YES;
				CLANG_WARN_BLOCK_CAPTURE_AUTORELEASING = YES;
				CLANG_WARN_BOOL_CONVERSION = YES;
				CLANG_WARN_COMMA = YES;
				CLANG_WARN_CONSTANT_CONVERSION = YES;
				CLANG_WARN_DEPRECATED_OBJC_IMPLEMENTATIONS = YES;
				CLANG_WARN_DIRECT_OBJC_ISA_USAGE = YES_ERROR;
				CLANG_WARN_DOCUMENTATION_COMMENTS = YES;
				CLANG_WARN_EMPTY_BODY = YES;
				CLANG_WARN_ENUM_CONVERSION = YES;
				CLANG_WARN_INFINITE_RECURSION = YES;
				CLANG_WARN_INT_CONVERSION = YES;
				CLANG_WARN_NON_LITERAL_NULL_CONVERSION = YES;
				CLANG_WARN_OBJC_IMPLICIT_RETAIN_SELF = YES;
				CLANG_WARN_OBJC_LITERAL_CONVERSION = YES;
				CLANG_WARN_OBJC_ROOT_CLASS = YES_ERROR;
				CLANG_WARN_RANGE_LOOP_ANALYSIS = YES;
				CLANG_WARN_STRICT_PROTOTYPES = YES;
				CLANG_WARN_SUSPICIOUS_MOVE = YES;
				CLANG_WARN_UNGUARDED_AVAILABILITY = YES_AGGRESSIVE;
				CLANG_WARN_UNREACHABLE_CODE = YES;
				CLANG_WARN__DUPLICATE_METHOD_MATCH = YES;
				COPY_PHASE_STRIP = NO;
				DEBUG_INFORMATION_FORMAT = dwarf;
				ENABLE_STRICT_OBJC_MSGSEND = YES;
				ENABLE_TESTABILITY = YES;
				GCC_C_LANGUAGE_STANDARD = gnu11;
				GCC_DYNAMIC_NO_PIC = NO;
				GCC_NO_COMMON_BLOCKS = YES;
				GCC_OPTIMIZATION_LEVEL = 0;
				GCC_PREPROCESSOR_DEFINITIONS = (
					"DEBUG=1",
					"$(inherited)",
				);
				GCC_WARN_64_TO_32_BIT_CONVERSION = YES;
				GCC_WARN_ABOUT_RETURN_TYPE = YES_ERROR;
				GCC_WARN_UNDECLARED_SELECTOR = YES;
				GCC_WARN_UNINITIALIZED_AUTOS = YES_AGGRESSIVE;
				GCC_WARN_UNUSED_FUNCTION = YES;
				GCC_WARN_UNUSED_VARIABLE = YES;
				IPHONEOS_DEPLOYMENT_TARGET = 13.2;
				MTL_ENABLE_DEBUG_INFO = INCLUDE_SOURCE;
				MTL_FAST_MATH = YES;
				ONLY_ACTIVE_ARCH = YES;
				SDKROOT = iphoneos;
				SWIFT_ACTIVE_COMPILATION_CONDITIONS = DEBUG;
				SWIFT_OPTIMIZATION_LEVEL = "-Onone";
			};
			name = Debug;
		};
		8A60420E238F61AD001A660E /* Release */ = {
			isa = XCBuildConfiguration;
			buildSettings = {
				ALWAYS_SEARCH_USER_PATHS = NO;
				CLANG_ANALYZER_NONNULL = YES;
				CLANG_ANALYZER_NUMBER_OBJECT_CONVERSION = YES_AGGRESSIVE;
				CLANG_CXX_LANGUAGE_STANDARD = "gnu++14";
				CLANG_CXX_LIBRARY = "libc++";
				CLANG_ENABLE_MODULES = YES;
				CLANG_ENABLE_OBJC_ARC = YES;
				CLANG_ENABLE_OBJC_WEAK = YES;
				CLANG_WARN_BLOCK_CAPTURE_AUTORELEASING = YES;
				CLANG_WARN_BOOL_CONVERSION = YES;
				CLANG_WARN_COMMA = YES;
				CLANG_WARN_CONSTANT_CONVERSION = YES;
				CLANG_WARN_DEPRECATED_OBJC_IMPLEMENTATIONS = YES;
				CLANG_WARN_DIRECT_OBJC_ISA_USAGE = YES_ERROR;
				CLANG_WARN_DOCUMENTATION_COMMENTS = YES;
				CLANG_WARN_EMPTY_BODY = YES;
				CLANG_WARN_ENUM_CONVERSION = YES;
				CLANG_WARN_INFINITE_RECURSION = YES;
				CLANG_WARN_INT_CONVERSION = YES;
				CLANG_WARN_NON_LITERAL_NULL_CONVERSION = YES;
				CLANG_WARN_OBJC_IMPLICIT_RETAIN_SELF = YES;
				CLANG_WARN_OBJC_LITERAL_CONVERSION = YES;
				CLANG_WARN_OBJC_ROOT_CLASS = YES_ERROR;
				CLANG_WARN_RANGE_LOOP_ANALYSIS = YES;
				CLANG_WARN_STRICT_PROTOTYPES = YES;
				CLANG_WARN_SUSPICIOUS_MOVE = YES;
				CLANG_WARN_UNGUARDED_AVAILABILITY = YES_AGGRESSIVE;
				CLANG_WARN_UNREACHABLE_CODE = YES;
				CLANG_WARN__DUPLICATE_METHOD_MATCH = YES;
				COPY_PHASE_STRIP = NO;
				DEBUG_INFORMATION_FORMAT = "dwarf-with-dsym";
				ENABLE_NS_ASSERTIONS = NO;
				ENABLE_STRICT_OBJC_MSGSEND = YES;
				GCC_C_LANGUAGE_STANDARD = gnu11;
				GCC_NO_COMMON_BLOCKS = YES;
				GCC_WARN_64_TO_32_BIT_CONVERSION = YES;
				GCC_WARN_ABOUT_RETURN_TYPE = YES_ERROR;
				GCC_WARN_UNDECLARED_SELECTOR = YES;
				GCC_WARN_UNINITIALIZED_AUTOS = YES_AGGRESSIVE;
				GCC_WARN_UNUSED_FUNCTION = YES;
				GCC_WARN_UNUSED_VARIABLE = YES;
				IPHONEOS_DEPLOYMENT_TARGET = 13.2;
				MTL_ENABLE_DEBUG_INFO = NO;
				MTL_FAST_MATH = YES;
				SDKROOT = iphoneos;
				SWIFT_COMPILATION_MODE = wholemodule;
				SWIFT_OPTIMIZATION_LEVEL = "-O";
				VALIDATE_PRODUCT = YES;
			};
			name = Release;
		};
		8A604210238F61AD001A660E /* Debug */ = {
			isa = XCBuildConfiguration;
			baseConfigurationReference = 1F8D2C2E2E843FB738AF6C99 /* Pods-SilLob7.debug.xcconfig */;
			buildSettings = {
				ASSETCATALOG_COMPILER_APPICON_NAME = AppIcon;
				CODE_SIGN_STYLE = Automatic;
				DEVELOPMENT_TEAM = SN8JF239DY;
				INFOPLIST_FILE = SilLob7/Info.plist;
				LD_RUNPATH_SEARCH_PATHS = (
					"$(inherited)",
					"@executable_path/Frameworks",
				);
				PRODUCT_BUNDLE_IDENTIFIER = pyprojects.SilLob7;
				PRODUCT_NAME = "$(TARGET_NAME)";
				SWIFT_VERSION = 5.0;
				TARGETED_DEVICE_FAMILY = "1,2";
			};
			name = Debug;
		};
		8A604211238F61AD001A660E /* Release */ = {
			isa = XCBuildConfiguration;
			baseConfigurationReference = 751CAEB1CD425AB8389C33AB /* Pods-SilLob7.release.xcconfig */;
			buildSettings = {
				ASSETCATALOG_COMPILER_APPICON_NAME = AppIcon;
				CODE_SIGN_STYLE = Automatic;
				DEVELOPMENT_TEAM = SN8JF239DY;
				INFOPLIST_FILE = SilLob7/Info.plist;
				LD_RUNPATH_SEARCH_PATHS = (
					"$(inherited)",
					"@executable_path/Frameworks",
				);
				PRODUCT_BUNDLE_IDENTIFIER = pyprojects.SilLob7;
				PRODUCT_NAME = "$(TARGET_NAME)";
				SWIFT_VERSION = 5.0;
				TARGETED_DEVICE_FAMILY = "1,2";
			};
			name = Release;
		};
		8A604213238F61AD001A660E /* Debug */ = {
			isa = XCBuildConfiguration;
			baseConfigurationReference = D10B1FD43306422B09BFE2E9 /* Pods-SilLob7Tests.debug.xcconfig */;
			buildSettings = {
				ALWAYS_EMBED_SWIFT_STANDARD_LIBRARIES = YES;
				BUNDLE_LOADER = "$(TEST_HOST)";
				CODE_SIGN_STYLE = Automatic;
				DEVELOPMENT_TEAM = SN8JF239DY;
				INFOPLIST_FILE = SilLob7Tests/Info.plist;
				IPHONEOS_DEPLOYMENT_TARGET = 13.2;
				LD_RUNPATH_SEARCH_PATHS = (
					"$(inherited)",
					"@executable_path/Frameworks",
					"@loader_path/Frameworks",
				);
				PRODUCT_BUNDLE_IDENTIFIER = pyprojects.SilLob7Tests;
				PRODUCT_NAME = "$(TARGET_NAME)";
				SWIFT_VERSION = 5.0;
				TARGETED_DEVICE_FAMILY = "1,2";
				TEST_HOST = "$(BUILT_PRODUCTS_DIR)/SilLob7.app/SilLob7";
			};
			name = Debug;
		};
		8A604214238F61AD001A660E /* Release */ = {
			isa = XCBuildConfiguration;
			baseConfigurationReference = 3C57BDBBB2FCDACF1E2D270F /* Pods-SilLob7Tests.release.xcconfig */;
			buildSettings = {
				ALWAYS_EMBED_SWIFT_STANDARD_LIBRARIES = YES;
				BUNDLE_LOADER = "$(TEST_HOST)";
				CODE_SIGN_STYLE = Automatic;
				DEVELOPMENT_TEAM = SN8JF239DY;
				INFOPLIST_FILE = SilLob7Tests/Info.plist;
				IPHONEOS_DEPLOYMENT_TARGET = 13.2;
				LD_RUNPATH_SEARCH_PATHS = (
					"$(inherited)",
					"@executable_path/Frameworks",
					"@loader_path/Frameworks",
				);
				PRODUCT_BUNDLE_IDENTIFIER = pyprojects.SilLob7Tests;
				PRODUCT_NAME = "$(TARGET_NAME)";
				SWIFT_VERSION = 5.0;
				TARGETED_DEVICE_FAMILY = "1,2";
				TEST_HOST = "$(BUILT_PRODUCTS_DIR)/SilLob7.app/SilLob7";
			};
			name = Release;
		};
		8A604216238F61AD001A660E /* Debug */ = {
			isa = XCBuildConfiguration;
			baseConfigurationReference = 569DC09E429D73FB8DC8C7F8 /* Pods-SilLob7-SilLob7UITests.debug.xcconfig */;
			buildSettings = {
				ALWAYS_EMBED_SWIFT_STANDARD_LIBRARIES = YES;
				CODE_SIGN_STYLE = Automatic;
				DEVELOPMENT_TEAM = SN8JF239DY;
				INFOPLIST_FILE = SilLob7UITests/Info.plist;
				LD_RUNPATH_SEARCH_PATHS = (
					"$(inherited)",
					"@executable_path/Frameworks",
					"@loader_path/Frameworks",
				);
				PRODUCT_BUNDLE_IDENTIFIER = pyprojects.SilLob7UITests;
				PRODUCT_NAME = "$(TARGET_NAME)";
				SWIFT_VERSION = 5.0;
				TARGETED_DEVICE_FAMILY = "1,2";
				TEST_TARGET_NAME = SilLob7;
			};
			name = Debug;
		};
		8A604217238F61AD001A660E /* Release */ = {
			isa = XCBuildConfiguration;
			baseConfigurationReference = 547E2638D3A4CB69A613C87A /* Pods-SilLob7-SilLob7UITests.release.xcconfig */;
			buildSettings = {
				ALWAYS_EMBED_SWIFT_STANDARD_LIBRARIES = YES;
				CODE_SIGN_STYLE = Automatic;
				DEVELOPMENT_TEAM = SN8JF239DY;
				INFOPLIST_FILE = SilLob7UITests/Info.plist;
				LD_RUNPATH_SEARCH_PATHS = (
					"$(inherited)",
					"@executable_path/Frameworks",
					"@loader_path/Frameworks",
				);
				PRODUCT_BUNDLE_IDENTIFIER = pyprojects.SilLob7UITests;
				PRODUCT_NAME = "$(TARGET_NAME)";
				SWIFT_VERSION = 5.0;
				TARGETED_DEVICE_FAMILY = "1,2";
				TEST_TARGET_NAME = SilLob7;
			};
			name = Release;
		};
/* End XCBuildConfiguration section */

/* Begin XCConfigurationList section */
		8A6041E0238F61AB001A660E /* Build configuration list for PBXProject "SilLob7" */ = {
			isa = XCConfigurationList;
			buildConfigurations = (
				8A60420D238F61AD001A660E /* Debug */,
				8A60420E238F61AD001A660E /* Release */,
			);
			defaultConfigurationIsVisible = 0;
			defaultConfigurationName = Release;
		};
		8A60420F238F61AD001A660E /* Build configuration list for PBXNativeTarget "SilLob7" */ = {
			isa = XCConfigurationList;
			buildConfigurations = (
				8A604210238F61AD001A660E /* Debug */,
				8A604211238F61AD001A660E /* Release */,
			);
			defaultConfigurationIsVisible = 0;
			defaultConfigurationName = Release;
		};
		8A604212238F61AD001A660E /* Build configuration list for PBXNativeTarget "SilLob7Tests" */ = {
			isa = XCConfigurationList;
			buildConfigurations = (
				8A604213238F61AD001A660E /* Debug */,
				8A604214238F61AD001A660E /* Release */,
			);
			defaultConfigurationIsVisible = 0;
			defaultConfigurationName = Release;
		};
		8A604215238F61AD001A660E /* Build configuration list for PBXNativeTarget "SilLob7UITests" */ = {
			isa = XCConfigurationList;
			buildConfigurations = (
				8A604216238F61AD001A660E /* Debug */,
				8A604217238F61AD001A660E /* Release */,
			);
			defaultConfigurationIsVisible = 0;
			defaultConfigurationName = Release;
		};
/* End XCConfigurationList section */
	};
	rootObject = 8A6041DD238F61AB001A660E /* Project object */;
}
